
Microsoft Visual Studio Solution File, Format Version 12.00
# Visual Studio 15
VisualStudioVersion = 15.0.27004.2002
MinimumVisualStudioVersion = 10.0.40219.1
Project("{9A19103F-16F7-4668-BE54-9A1E7A4F7556}") = "SanaAssessment.Web", "SanaAssessment.Web\SanaAssessment.Web.csproj", "{25C31A1E-A8A4-4884-AF4C-420A427D5ACE}"
EndProject
Project("{9A19103F-16F7-4668-BE54-9A1E7A4F7556}") = "SanaAssessment.Data", "SanaAssessment.Data\SanaAssessment.Data.csproj", "{4649AF5F-070C-43B2-AADC-7694233AE766}"
EndProject
Global
	GlobalSection(SolutionConfigurationPlatforms) = preSolution
		Debug|Any CPU = Debug|Any CPU
		Release|Any CPU = Release|Any CPU
	EndGlobalSection
	GlobalSection(ProjectConfigurationPlatforms) = postSolution
		{25C31A1E-A8A4-4884-AF4C-420A427D5ACE}.Debug|Any CPU.ActiveCfg = Debug|Any CPU
		{25C31A1E-A8A4-4884-AF4C-420A427D5ACE}.Debug|Any CPU.Build.0 = Debug|Any CPU
		{25C31A1E-A8A4-4884-AF4C-420A427D5ACE}.Release|Any CPU.ActiveCfg = Release|Any CPU
		{25C31A1E-A8A4-4884-AF4C-420A427D5ACE}.Release|Any CPU.Build.0 = Release|Any CPU
		{4649AF5F-070C-43B2-AADC-7694233AE766}.Debug|Any CPU.ActiveCfg = Debug|Any CPU
		{4649AF5F-070C-43B2-AADC-7694233AE766}.Debug|Any CPU.Build.0 = Debug|Any CPU
		{4649AF5F-070C-43B2-AADC-7694233AE766}.Release|Any CPU.ActiveCfg = Release|Any CPU
		{4649AF5F-070C-43B2-AADC-7694233AE766}.Release|Any CPU.Build.0 = Release|Any CPU
	EndGlobalSection
	GlobalSection(SolutionProperties) = preSolution
		HideSolutionNode = FALSE
	EndGlobalSection
	GlobalSection(ExtensibilityGlobals) = postSolution
		SolutionGuid = {96C9E242-0BCC-4A26-B385-2018090CDE5A}
	EndGlobalSection
EndGlobal
